{
    "_readme": [
        "This file locks the dependencies of your project to a known state",
        "Read more about it at https://getcomposer.org/doc/01-basic-usage.md#installing-dependencies",
        "This file is @generated automatically"
    ],
    "content-hash": "98b6b8599da81053bec8120187414098",
    "packages": [
        {
            "name": "symfony/flex",
            "version": "dev-main",
            "source": {
                "type": "git",
                "url": "https://github.com/symfony/flex.git",
                "reference": "c15bccf8a407ec2bc7b45b899f153ff8986c3036"
            },
            "dist": {
                "type": "zip",
                "url": "https://api.github.com/repos/symfony/flex/zipball/c15bccf8a407ec2bc7b45b899f153ff8986c3036",
                "reference": "c15bccf8a407ec2bc7b45b899f153ff8986c3036",
                "shasum": ""
            },
            "require": {
                "composer-plugin-api": "^1.0|^2.0",
                "php": ">=7.1"
            },
            "require-dev": {
                "composer/composer": "^1.0.2|^2.0",
                "symfony/dotenv": "^4.4|^5.0",
                "symfony/filesystem": "^4.4|^5.0",
                "symfony/phpunit-bridge": "^4.4|^5.0",
                "symfony/process": "^3.4|^4.4|^5.0"
            },
            "default-branch": true,
            "type": "composer-plugin",
            "extra": {
                "branch-alias": {
                    "dev-main": "1.12-dev"
                },
                "class": "Symfony\\Flex\\Flex"
            },
            "autoload": {
                "psr-4": {
                    "Symfony\\Flex\\": "src"
                }
            },
            "notification-url": "https://packagist.org/downloads/",
            "license": [
                "MIT"
            ],
            "authors": [
                {
                    "name": "Fabien Potencier",
                    "email": "fabien.potencier@gmail.com"
                }
            ],
            "description": "Composer plugin for Symfony",
            "support": {
                "issues": "https://github.com/symfony/flex/issues",
                "source": "https://github.com/symfony/flex/tree/main"
            },
            "funding": [
                {
                    "url": "https://symfony.com/sponsor",
                    "type": "custom"
                },
                {
                    "url": "https://github.com/fabpot",
                    "type": "github"
                },
                {
                    "url": "https://tidelift.com/funding/github/packagist/symfony/symfony",
                    "type": "tidelift"
                }
            ],
            "time": "2021-05-01T15:33:39+00:00"
        }
    ],
    "packages-dev": [],
    "aliases": [],
    "minimum-stability": "dev",
    "stability-flags": {
        "symfony/flex": 20
    },
    "prefer-stable": false,
    "prefer-lowest": false,
    "platform": {
        "php": ">=7.4.0"
    },
    "platform-dev": [],
    "plugin-api-version": "2.0.0"
}
