{
    "api-platform/api-pack": {
        "version": "v1.3.0"
    },
    "api-platform/core": {
        "version": "2.5",
        "recipe": {
            "repo": "github.com/symfony/recipes",
            "branch": "master",
            "version": "2.5",
            "ref": "a93061567140e386f107be75340ac2aee3f86cbf"
        },
        "files": [
            "config/packages/api_platform.yaml",
            "config/routes/api_platform.yaml",
            "src/Entity/.gitignore"
        ]
    },
    "clue/stream-filter": {
        "version": "v1.5.0"
    },
    "composer/package-versions-deprecated": {
        "version": "1.x-dev"
    },
    "dama/doctrine-test-bundle": {
        "version": "4.0",
        "recipe": {
            "repo": "github.com/symfony/recipes-contrib",
            "branch": "master",
            "version": "4.0",
            "ref": "56eaa387b5e48ebcc7c95a893b47dfa1ad51449c"
        },
        "files": [
            "config/packages/test/dama_doctrine_test_bundle.yaml"
        ]
    },
    "deployer/deployer": {
        "version": "v6.8.0"
    },
    "deployer/phar-update": {
        "version": "v2.2.0"
    },
    "doctrine/annotations": {
        "version": "1.0",
        "recipe": {
            "repo": "github.com/symfony/recipes",
            "branch": "master",
            "version": "1.0",
            "ref": "a2759dd6123694c8d901d0ec80006e044c2e6457"
        },
        "files": [
            "config/routes/annotations.yaml"
        ]
    },
    "doctrine/cache": {
        "version": "1.11.x-dev"
    },
    "doctrine/collections": {
        "version": "1.7.x-dev"
    },
    "doctrine/common": {
        "version": "3.2.x-dev"
    },
    "doctrine/data-fixtures": {
        "version": "1.5.0"
    },
    "doctrine/dbal": {
        "version": "2.13.x-dev"
    },
    "doctrine/deprecations": {
        "version": "v0.5.3"
    },
    "doctrine/doctrine-bundle": {
        "version": "2.4",
        "recipe": {
            "repo": "github.com/symfony/recipes",
            "branch": "master",
            "version": "2.4",
            "ref": "dda18c8830b143bc31c0e0457fb13b9029614d76"
        },
        "files": [
            "config/packages/doctrine.yaml",
            "config/packages/prod/doctrine.yaml",
            "config/packages/test/doctrine.yaml",
            "src/Entity/.gitignore",
            "src/Repository/.gitignore"
        ]
    },
    "doctrine/doctrine-fixtures-bundle": {
        "version": "3.0",
        "recipe": {
            "repo": "github.com/symfony/recipes",
            "branch": "master",
            "version": "3.0",
            "ref": "e5b542d4ef47d8a003c91beb35650c76907f7e53"
        },
        "files": [
            "src/DataFixtures/AppFixtures.php"
        ]
    },
    "doctrine/doctrine-migrations-bundle": {
        "version": "3.1",
        "recipe": {
            "repo": "github.com/symfony/recipes",
            "branch": "master",
            "version": "3.1",
            "ref": "ee609429c9ee23e22d6fa5728211768f51ed2818"
        },
        "files": [
            "config/packages/doctrine_migrations.yaml",
            "migrations/.gitignore"
        ]
    },
    "doctrine/event-manager": {
        "version": "1.2.x-dev"
    },
    "doctrine/inflector": {
        "version": "2.1.x-dev"
    },
    "doctrine/instantiator": {
        "version": "1.5.x-dev"
    },
    "doctrine/lexer": {
        "version": "1.3.x-dev"
    },
    "doctrine/migrations": {
        "version": "3.2.x-dev"
    },
    "doctrine/orm": {
        "version": "3.0.x-dev"
    },
    "doctrine/persistence": {
        "version": "2.2.x-dev"
    },
    "doctrine/sql-formatter": {
        "version": "1.2.x-dev"
    },
    "easycorp/easyadmin-bundle": {
        "version": "3.0",
        "recipe": {
            "repo": "github.com/symfony/recipes",
            "branch": "master",
            "version": "3.0",
            "ref": "b131e6cbfe1b898a508987851963fff485986285"
        }
    },
    "egulias/email-validator": {
        "version": "3.x-dev"
    },
    "fig/link-util": {
        "version": "1.1.2"
    },
    "friendsofphp/proxy-manager-lts": {
        "version": "1.x-dev"
    },
    "guzzlehttp/promises": {
        "version": "1.4.1"
    },
    "guzzlehttp/psr7": {
        "version": "1.8.2"
    },
    "http-interop/http-factory-guzzle": {
        "version": "1.0.0"
    },
    "jean85/pretty-package-versions": {
        "version": "2.0.3"
    },
    "laminas/laminas-code": {
        "version": "4.3.x-dev"
    },
    "lcobucci/clock": {
        "version": "2.0.0"
    },
    "lcobucci/jwt": {
        "version": "4.1.5"
    },
    "monolog/monolog": {
        "version": "2.x-dev"
    },
    "nelmio/cors-bundle": {
        "version": "1.5",
        "recipe": {
            "repo": "github.com/symfony/recipes",
            "branch": "master",
            "version": "1.5",
            "ref": "6bea22e6c564fba3a1391615cada1437d0bde39c"
        },
        "files": [
            "config/packages/nelmio_cors.yaml"
        ]
    },
    "nikic/php-parser": {
        "version": "v4.10.5"
    },
    "php-http/client-common": {
        "version": "2.3.0"
    },
    "php-http/discovery": {
        "version": "1.13.0"
    },
    "php-http/httplug": {
        "version": "2.2.0"
    },
    "php-http/message": {
        "version": "1.11.0"
    },
    "php-http/message-factory": {
        "version": "v1.0.2"
    },
    "php-http/promise": {
        "version": "1.1.0"
    },
    "phpdocumentor/reflection-common": {
        "version": "2.2.0"
    },
    "phpdocumentor/reflection-docblock": {
        "version": "5.2.2"
    },
    "phpdocumentor/type-resolver": {
        "version": "1.4.0"
    },
    "pimple/pimple": {
        "version": "v3.4.0"
    },
    "psr/cache": {
        "version": "1.0.1"
    },
    "psr/container": {
        "version": "1.1.x-dev"
    },
    "psr/event-dispatcher": {
        "version": "1.0.x-dev"
    },
    "psr/http-client": {
        "version": "1.0.1"
    },
    "psr/http-factory": {
        "version": "1.0.1"
    },
    "psr/http-message": {
        "version": "1.0.1"
    },
    "psr/link": {
        "version": "1.0.0"
    },
    "psr/log": {
        "version": "1.1.x-dev"
    },
    "ralouphie/getallheaders": {
        "version": "3.0.3"
    },
    "sensio/framework-extra-bundle": {
        "version": "5.2",
        "recipe": {
            "repo": "github.com/symfony/recipes",
            "branch": "master",
            "version": "5.2",
            "ref": "fb7e19da7f013d0d422fa9bce16f5c510e27609b"
        },
        "files": [
            "config/packages/sensio_framework_extra.yaml"
        ]
    },
    "sentry/sdk": {
        "version": "3.1.0"
    },
    "sentry/sentry": {
        "version": "3.2.2"
    },
    "sentry/sentry-symfony": {
        "version": "3.0",
        "recipe": {
            "repo": "github.com/symfony/recipes-contrib",
            "branch": "master",
            "version": "3.0",
            "ref": "9746f0823302d7980e5273ef7a69ef3f5ac80914"
        }
    },
    "symfony/asset": {
        "version": "5.x-dev"
    },
    "symfony/browser-kit": {
        "version": "v5.2.7"
    },
    "symfony/cache": {
        "version": "5.x-dev"
    },
    "symfony/cache-contracts": {
        "version": "2.4-dev"
    },
    "symfony/config": {
        "version": "5.x-dev"
    },
    "symfony/console": {
        "version": "5.1",
        "recipe": {
            "repo": "github.com/symfony/recipes",
            "branch": "master",
            "version": "5.1",
            "ref": "c6d02bdfba9da13c22157520e32a602dbee8a75c"
        },
        "files": [
            "bin/console"
        ]
    },
    "symfony/css-selector": {
        "version": "v5.2.7"
    },
    "symfony/dependency-injection": {
        "version": "5.x-dev"
    },
    "symfony/deprecation-contracts": {
        "version": "2.4-dev"
    },
    "symfony/doctrine-bridge": {
        "version": "5.x-dev"
    },
    "symfony/dom-crawler": {
        "version": "v5.2.4"
    },
    "symfony/dotenv": {
        "version": "5.x-dev"
    },
    "symfony/error-handler": {
        "version": "5.x-dev"
    },
    "symfony/event-dispatcher": {
        "version": "5.x-dev"
    },
    "symfony/event-dispatcher-contracts": {
        "version": "2.4-dev"
    },
    "symfony/expression-language": {
        "version": "v5.2.7"
    },
    "symfony/filesystem": {
        "version": "5.x-dev"
    },
    "symfony/finder": {
        "version": "5.x-dev"
    },
    "symfony/flex": {
        "version": "1.0",
        "recipe": {
            "repo": "github.com/symfony/recipes",
            "branch": "master",
            "version": "1.0",
            "ref": "c0eeb50665f0f77226616b6038a9b06c03752d8e"
        },
        "files": [
            ".env"
        ]
    },
    "symfony/form": {
        "version": "5.x-dev"
    },
    "symfony/framework-bundle": {
        "version": "5.3",
        "recipe": {
            "repo": "github.com/symfony/recipes",
            "branch": "master",
            "version": "5.3",
            "ref": "8af7647cd89416f68e41df5c343a5e531d2bf025"
        },
        "files": [
            "config/packages/cache.yaml",
            "config/packages/framework.yaml",
            "config/preload.php",
            "config/routes/framework.yaml",
            "config/services.yaml",
            "public/index.php",
            "src/Controller/.gitignore",
            "src/Kernel.php"
        ]
    },
    "symfony/google-chat-notifier": {
        "version": "5.3",
        "recipe": {
            "repo": "github.com/symfony/recipes",
            "branch": "master",
            "version": "5.3",
            "ref": "b114c8d95c4e187d8ea186be9ac3839602fec5ee"
        }
    },
    "symfony/http-client": {
        "version": "v5.2.7"
    },
    "symfony/http-client-contracts": {
        "version": "2.4-dev"
    },
    "symfony/http-foundation": {
        "version": "5.x-dev"
    },
    "symfony/http-kernel": {
        "version": "5.x-dev"
    },
    "symfony/intl": {
        "version": "v5.2.7"
    },
    "symfony/mailer": {
        "version": "4.3",
        "recipe": {
            "repo": "github.com/symfony/recipes",
            "branch": "master",
            "version": "4.3",
            "ref": "15658c2a0176cda2e7dba66276a2030b52bd81b2"
        },
        "files": [
            "config/packages/mailer.yaml"
        ]
    },
    "symfony/maker-bundle": {
        "version": "1.0",
        "recipe": {
            "repo": "github.com/symfony/recipes",
            "branch": "master",
            "version": "1.0",
            "ref": "fadbfe33303a76e25cb63401050439aa9b1a9c7f"
        }
    },
    "symfony/mercure": {
        "version": "v0.5.3"
    },
    "symfony/mercure-bundle": {
        "version": "0.3",
        "recipe": {
            "repo": "github.com/symfony/recipes",
            "branch": "master",
            "version": "0.3",
            "ref": "d1cdff3ae53bf6a5cbfb088c82f26032bdc14cc3"
        },
        "files": [
            "config/packages/mercure.yaml"
        ]
    },
    "symfony/mime": {
        "version": "5.x-dev"
    },
    "symfony/monolog-bridge": {
        "version": "5.x-dev"
    },
    "symfony/monolog-bundle": {
        "version": "3.7",
        "recipe": {
            "repo": "github.com/symfony/recipes",
            "branch": "master",
            "version": "3.7",
            "ref": "329f6a5ef2e7aa033f802be833ef8d1268dd0848"
        },
        "files": [
            "config/packages/dev/monolog.yaml",
            "config/packages/prod/deprecations.yaml",
            "config/packages/prod/monolog.yaml",
            "config/packages/test/monolog.yaml"
        ]
    },
    "symfony/notifier": {
        "version": "5.0",
        "recipe": {
            "repo": "github.com/symfony/recipes",
            "branch": "master",
            "version": "5.0",
            "ref": "c31585e252b32fe0e1f30b1f256af553f4a06eb9"
        },
        "files": [
            "config/packages/notifier.yaml"
        ]
    },
    "symfony/options-resolver": {
        "version": "5.x-dev"
    },
    "symfony/orm-pack": {
        "version": "dev-main"
    },
    "symfony/password-hasher": {
        "version": "5.x-dev"
    },
    "symfony/phpunit-bridge": {
        "version": "5.3",
        "recipe": {
            "repo": "github.com/symfony/recipes",
            "branch": "master",
            "version": "5.3",
            "ref": "96ecb38bd6370ce71cff0af755a636ba3a2bb394"
        },
        "files": [
            ".env.test",
            "bin/phpunit",
            "phpunit.xml.dist",
            "tests/bootstrap.php"
        ]
    },
    "symfony/polyfill-intl-grapheme": {
        "version": "1.23-dev"
    },
    "symfony/polyfill-intl-icu": {
        "version": "1.23-dev"
    },
    "symfony/polyfill-intl-idn": {
        "version": "1.23-dev"
    },
    "symfony/polyfill-intl-normalizer": {
        "version": "1.23-dev"
    },
    "symfony/polyfill-mbstring": {
        "version": "1.23-dev"
    },
    "symfony/polyfill-php73": {
        "version": "1.23-dev"
    },
    "symfony/polyfill-php80": {
        "version": "1.23-dev"
    },
    "symfony/polyfill-php81": {
        "version": "v1.23.0"
    },
    "symfony/polyfill-uuid": {
        "version": "v1.22.1"
    },
    "symfony/process": {
        "version": "v5.3.7"
    },
    "symfony/profiler-pack": {
        "version": "dev-main"
    },
    "symfony/property-access": {
        "version": "5.x-dev"
    },
    "symfony/property-info": {
        "version": "5.x-dev"
    },
    "symfony/proxy-manager-bridge": {
        "version": "5.x-dev"
    },
    "symfony/psr-http-message-bridge": {
        "version": "v2.1.0"
    },
    "symfony/routing": {
        "version": "5.1",
        "recipe": {
            "repo": "github.com/symfony/recipes",
            "branch": "master",
            "version": "5.1",
            "ref": "b4f3e7c95e38b606eef467e8a42a8408fc460c43"
        },
        "files": [
            "config/packages/prod/routing.yaml",
            "config/packages/routing.yaml",
            "config/routes.yaml"
        ]
    },
    "symfony/runtime": {
        "version": "v5.3.0-beta3"
    },
    "symfony/security-bundle": {
        "version": "5.3",
        "recipe": {
            "repo": "github.com/symfony/recipes",
            "branch": "master",
            "version": "5.3",
            "ref": "8b35bfc00a7716db4ca5a764a4b338476ca3a704"
        },
        "files": [
            "config/packages/security.yaml"
        ]
    },
    "symfony/security-core": {
        "version": "5.x-dev"
    },
    "symfony/security-csrf": {
        "version": "5.x-dev"
    },
    "symfony/security-guard": {
        "version": "5.x-dev"
    },
    "symfony/security-http": {
        "version": "5.x-dev"
    },
    "symfony/serializer": {
        "version": "v5.2.7"
    },
    "symfony/serializer-pack": {
        "version": "v1.0.4"
    },
    "symfony/service-contracts": {
        "version": "2.4-dev"
    },
    "symfony/stopwatch": {
        "version": "5.x-dev"
    },
    "symfony/string": {
        "version": "5.x-dev"
    },
    "symfony/translation": {
        "version": "3.3",
        "recipe": {
            "repo": "github.com/symfony/recipes",
            "branch": "master",
            "version": "3.3",
            "ref": "2ad9d2545bce8ca1a863e50e92141f0b9d87ffcd"
        },
        "files": [
            "config/packages/translation.yaml",
            "translations/.gitignore"
        ]
    },
    "symfony/translation-contracts": {
        "version": "2.4-dev"
    },
    "symfony/twig-bridge": {
        "version": "5.x-dev"
    },
    "symfony/twig-bundle": {
        "version": "5.0",
        "recipe": {
            "repo": "github.com/symfony/recipes",
            "branch": "master",
            "version": "5.0",
            "ref": "fab9149bbaa4d5eca054ed93f9e1b66cc500895d"
        },
        "files": [
            "config/packages/test/twig.yaml",
            "config/packages/twig.yaml",
            "templates/base.html.twig"
        ]
    },
    "symfony/twig-pack": {
        "version": "dev-main"
    },
    "symfony/uid": {
        "version": "v5.2.6"
    },
    "symfony/validator": {
        "version": "4.3",
        "recipe": {
            "repo": "github.com/symfony/recipes",
            "branch": "master",
            "version": "4.3",
            "ref": "d902da3e4952f18d3bf05aab29512eb61cabd869"
        },
        "files": [
            "config/packages/test/validator.yaml",
            "config/packages/validator.yaml"
        ]
    },
    "symfony/var-dumper": {
        "version": "5.x-dev"
    },
    "symfony/var-exporter": {
        "version": "5.x-dev"
    },
    "symfony/web-link": {
        "version": "v5.2.5"
    },
    "symfony/web-profiler-bundle": {
        "version": "3.3",
        "recipe": {
            "repo": "github.com/symfony/recipes",
            "branch": "master",
            "version": "3.3",
            "ref": "6bdfa1a95f6b2e677ab985cd1af2eae35d62e0f6"
        },
        "files": [
            "config/packages/dev/web_profiler.yaml",
            "config/packages/test/web_profiler.yaml",
            "config/routes/dev/web_profiler.yaml"
        ]
    },
    "symfony/webpack-encore-bundle": {
        "version": "1.9",
        "recipe": {
            "repo": "github.com/symfony/recipes",
            "branch": "master",
            "version": "1.9",
            "ref": "9399a0bfc6ee7a0c019f952bca46d6a6045dd451"
        },
        "files": [
            "assets/app.js",
            "assets/bootstrap.js",
            "assets/controllers.json",
            "assets/controllers/hello_controller.js",
            "assets/styles/app.css",
            "config/packages/assets.yaml",
            "config/packages/prod/webpack_encore.yaml",
            "config/packages/test/webpack_encore.yaml",
            "config/packages/webpack_encore.yaml",
            "package.json",
            "webpack.config.js"
        ]
    },
    "symfony/yaml": {
        "version": "v5.2.7"
    },
    "symfonycasts/verify-email-bundle": {
        "version": "v1.5.0"
    },
    "twig/extra-bundle": {
        "version": "3.x-dev"
    },
    "twig/intl-extra": {
        "version": "v3.3.0"
    },
    "twig/string-extra": {
        "version": "v3.3.3"
    },
    "twig/twig": {
        "version": "3.x-dev"
    },
    "webmozart/assert": {
        "version": "1.10.0"
    },
    "willdurand/negotiation": {
        "version": "3.0.0"
    }
}
